lockfileVersion: '6.0'

dependencies:
  ramda:
    specifier: ^0.29.0
    version: 0.29.0
  ramda-adjunct:
    specifier: ^4.0.0
    version: 4.0.0(ramda@0.29.0)
  rxjs:
    specifier: ^7.8.1
    version: 7.8.1

devDependencies:
  typescript:
    specifier: ^5.0.2
    version: 5.1.3

packages:

  /ramda-adjunct@4.0.0(ramda@0.29.0):
    resolution: {integrity: sha512-W/NiJAlZdwZ/iUkWEQQgRdH5Szqqet1WoVH9cdqDVjFbVaZHuJfJRvsxqHhvq6tZse+yVbFatLDLdVa30wBlGQ==}
    engines: {node: '>=0.10.3'}
    peerDependencies:
      ramda: '>= 0.29.0'
    dependencies:
      ramda: 0.29.0
    dev: false

  /ramda@0.29.0:
    resolution: {integrity: sha512-BBea6L67bYLtdbOqfp8f58fPMqEwx0doL+pAi8TZyp2YWz8R9G8z9x75CZI8W+ftqhFHCpEX2cRnUUXK130iKA==}
    dev: false

  /rxjs@7.8.1:
    resolution: {integrity: sha512-AA3TVj+0A2iuIoQkWEK/tqFjBq2j+6PO6Y0zJcvzLAFhEFIO3HL0vls9hWLncZbAAbK0mar7oZ4V079I/qPMxg==}
    dependencies:
      tslib: 2.5.3
    dev: false

  /tslib@2.5.3:
    resolution: {integrity: sha512-mSxlJJwl3BMEQCUNnxXBU9jP4JBktcEGhURcPR6VQVlnP0FdDEsIaz0C35dXNGLyRfrATNofF0F5p2KPxQgB+w==}
    dev: false

  /typescript@5.1.3:
    resolution: {integrity: sha512-XH627E9vkeqhlZFQuL+UsyAXEnibT0kWR2FWONlr4sTjvxyJYnyefgrkyECLzM5NenmKzRAy2rR/OlYLA1HkZw==}
    engines: {node: '>=14.17'}
    hasBin: true
    dev: true
